
Microsoft Visual Studio Solution File, Format Version 12.00
# Visual Studio 15
VisualStudioVersion = 15.0.26730.12
MinimumVisualStudioVersion = 10.0.40219.1
Project("{FAE04EC0-301F-11D3-BF4B-00C04F79EFBC}") = "ProductsEntityModel", "ProductsEntityModel\ProductsEntityModel.csproj", "{797747CC-1D30-49C2-BE62-44226C414482}"
EndProject
Project("{E24C65DC-7377-472B-9ABA-BC803B73C61A}") = "ProductsService", "ProductsService\", "{AD5EEE28-2B17-4F85-9D28-AAA31C5F0775}"
	ProjectSection(WebsiteProperties) = preProject
		TargetFrameworkMoniker = ".NETFramework,Version%3Dv4.6.1"
		ProjectReferences = "{797747cc-1d30-49c2-be62-44226c414482}|ProductsEntityModel.dll;"
		Debug.AspNetCompiler.VirtualPath = "/localhost_50520"
		Debug.AspNetCompiler.PhysicalPath = "ProductsService\"
		Debug.AspNetCompiler.TargetPath = "PrecompiledWeb\localhost_50520\"
		Debug.AspNetCompiler.Updateable = "true"
		Debug.AspNetCompiler.ForceOverwrite = "true"
		Debug.AspNetCompiler.FixedNames = "false"
		Debug.AspNetCompiler.Debug = "True"
		Release.AspNetCompiler.VirtualPath = "/localhost_50520"
		Release.AspNetCompiler.PhysicalPath = "ProductsService\"
		Release.AspNetCompiler.TargetPath = "PrecompiledWeb\localhost_50520\"
		Release.AspNetCompiler.Updateable = "true"
		Release.AspNetCompiler.ForceOverwrite = "true"
		Release.AspNetCompiler.FixedNames = "false"
		Release.AspNetCompiler.Debug = "False"
		VWDPort = "50520"
		SlnRelativePath = "ProductsService\"
		DefaultWebSiteLanguage = "Visual C#"
	EndProjectSection
EndProject
Project("{FAE04EC0-301F-11D3-BF4B-00C04F79EFBC}") = "ProductsClient", "ProductsClient\ProductsClient.csproj", "{CF36120E-AB81-4890-9DCC-4F63F0216544}"
	ProjectSection(ProjectDependencies) = postProject
		{AD5EEE28-2B17-4F85-9D28-AAA31C5F0775} = {AD5EEE28-2B17-4F85-9D28-AAA31C5F0775}
	EndProjectSection
EndProject
Project("{FAE04EC0-301F-11D3-BF4B-00C04F79EFBC}") = "ProductsServiceLibrary", "ProductsServiceLibrary\ProductsServiceLibrary.csproj", "{AA69AA96-020B-4B83-8E1D-32ED4CD2FFAF}"
EndProject
Project("{FAE04EC0-301F-11D3-BF4B-00C04F79EFBC}") = "ProductsServiceHost", "ProductsServiceHost\ProductsServiceHost.csproj", "{4E9E0177-5E54-420D-BB8F-46AF67F14306}"
EndProject
Global
	GlobalSection(SolutionConfigurationPlatforms) = preSolution
		Debug|Any CPU = Debug|Any CPU
		Release|Any CPU = Release|Any CPU
	EndGlobalSection
	GlobalSection(ProjectConfigurationPlatforms) = postSolution
		{797747CC-1D30-49C2-BE62-44226C414482}.Debug|Any CPU.ActiveCfg = Debug|Any CPU
		{797747CC-1D30-49C2-BE62-44226C414482}.Debug|Any CPU.Build.0 = Debug|Any CPU
		{797747CC-1D30-49C2-BE62-44226C414482}.Release|Any CPU.ActiveCfg = Release|Any CPU
		{797747CC-1D30-49C2-BE62-44226C414482}.Release|Any CPU.Build.0 = Release|Any CPU
		{AD5EEE28-2B17-4F85-9D28-AAA31C5F0775}.Debug|Any CPU.ActiveCfg = Debug|Any CPU
		{AD5EEE28-2B17-4F85-9D28-AAA31C5F0775}.Debug|Any CPU.Build.0 = Debug|Any CPU
		{AD5EEE28-2B17-4F85-9D28-AAA31C5F0775}.Release|Any CPU.ActiveCfg = Debug|Any CPU
		{AD5EEE28-2B17-4F85-9D28-AAA31C5F0775}.Release|Any CPU.Build.0 = Debug|Any CPU
		{CF36120E-AB81-4890-9DCC-4F63F0216544}.Debug|Any CPU.ActiveCfg = Debug|Any CPU
		{CF36120E-AB81-4890-9DCC-4F63F0216544}.Debug|Any CPU.Build.0 = Debug|Any CPU
		{CF36120E-AB81-4890-9DCC-4F63F0216544}.Release|Any CPU.ActiveCfg = Release|Any CPU
		{CF36120E-AB81-4890-9DCC-4F63F0216544}.Release|Any CPU.Build.0 = Release|Any CPU
		{AA69AA96-020B-4B83-8E1D-32ED4CD2FFAF}.Debug|Any CPU.ActiveCfg = Debug|Any CPU
		{AA69AA96-020B-4B83-8E1D-32ED4CD2FFAF}.Debug|Any CPU.Build.0 = Debug|Any CPU
		{AA69AA96-020B-4B83-8E1D-32ED4CD2FFAF}.Release|Any CPU.ActiveCfg = Release|Any CPU
		{AA69AA96-020B-4B83-8E1D-32ED4CD2FFAF}.Release|Any CPU.Build.0 = Release|Any CPU
		{4E9E0177-5E54-420D-BB8F-46AF67F14306}.Debug|Any CPU.ActiveCfg = Debug|Any CPU
		{4E9E0177-5E54-420D-BB8F-46AF67F14306}.Debug|Any CPU.Build.0 = Debug|Any CPU
		{4E9E0177-5E54-420D-BB8F-46AF67F14306}.Release|Any CPU.ActiveCfg = Release|Any CPU
		{4E9E0177-5E54-420D-BB8F-46AF67F14306}.Release|Any CPU.Build.0 = Release|Any CPU
	EndGlobalSection
	GlobalSection(SolutionProperties) = preSolution
		HideSolutionNode = FALSE
	EndGlobalSection
	GlobalSection(ExtensibilityGlobals) = postSolution
		SolutionGuid = {5D5EFC5E-7479-43F8-840B-5D2647DE1304}
	EndGlobalSection
EndGlobal
